
Microsoft Visual Studio Solution File, Format Version 12.00
# Visual Studio Version 17
VisualStudioVersion = 17.4.33103.184
MinimumVisualStudioVersion = 10.0.40219.1
Project("{8BC9CEB8-8B4A-11D0-8D11-00A0C91BC942}") = "AutomatPushDown", "AutomatPushDown\AutomatPushDown.vcxproj", "{E2ADB40F-E79C-47B6-917A-E5CE6478A32E}"
EndProject
Project("{2150E333-8FDC-42A3-9474-1A3956D46DE8}") = "Solution Items", "Solution Items", "{EF91B61B-77D7-474F-86B3-DFC7F24156CE}"
	ProjectSection(SolutionItems) = preProject
		AutomatPushDown\components.txt = AutomatPushDown\components.txt
		savedExamples.txt = savedExamples.txt
	EndProjectSection
EndProject
Global
	GlobalSection(SolutionConfigurationPlatforms) = preSolution
		Debug|x64 = Debug|x64
		Debug|x86 = Debug|x86
		Release|x64 = Release|x64
		Release|x86 = Release|x86
	EndGlobalSection
	GlobalSection(ProjectConfigurationPlatforms) = postSolution
		{E2ADB40F-E79C-47B6-917A-E5CE6478A32E}.Debug|x64.ActiveCfg = Debug|x64
		{E2ADB40F-E79C-47B6-917A-E5CE6478A32E}.Debug|x64.Build.0 = Debug|x64
		{E2ADB40F-E79C-47B6-917A-E5CE6478A32E}.Debug|x86.ActiveCfg = Debug|Win32
		{E2ADB40F-E79C-47B6-917A-E5CE6478A32E}.Debug|x86.Build.0 = Debug|Win32
		{E2ADB40F-E79C-47B6-917A-E5CE6478A32E}.Release|x64.ActiveCfg = Release|x64
		{E2ADB40F-E79C-47B6-917A-E5CE6478A32E}.Release|x64.Build.0 = Release|x64
		{E2ADB40F-E79C-47B6-917A-E5CE6478A32E}.Release|x86.ActiveCfg = Release|Win32
		{E2ADB40F-E79C-47B6-917A-E5CE6478A32E}.Release|x86.Build.0 = Release|Win32
	EndGlobalSection
	GlobalSection(SolutionProperties) = preSolution
		HideSolutionNode = FALSE
	EndGlobalSection
	GlobalSection(ExtensibilityGlobals) = postSolution
		SolutionGuid = {F4AAC337-48D7-40C7-96ED-273012D7E506}
	EndGlobalSection
EndGlobal
